Microsoft Visual Studio Solution File, Format Version 8.00
Project("{FAE04EC0-301F-11D3-BF4B-00C04F79EFBC}") = "wix", "src\wix\wix.csproj", "{9E03A94C-C70E-45C6-A269-E737BBD8B319}"
	ProjectSection(ProjectDependencies) = postProject
	EndProjectSection
EndProject
Project("{FAE04EC0-301F-11D3-BF4B-00C04F79EFBC}") = "candle", "src\candle\candle.csproj", "{956401A5-3C04-4786-9611-B2AEC6207686}"
	ProjectSection(ProjectDependencies) = postProject
	EndProjectSection
EndProject
Project("{FAE04EC0-301F-11D3-BF4B-00C04F79EFBC}") = "light", "src\light\light.csproj", "{90556207-597F-4046-9404-5BE6B3CC0938}"
	ProjectSection(ProjectDependencies) = postProject
	EndProjectSection
EndProject
Project("{FAE04EC0-301F-11D3-BF4B-00C04F79EFBC}") = "lit", "src\lit\lit.csproj", "{B4271B16-88B7-499A-881B-2813C1DB6285}"
	ProjectSection(ProjectDependencies) = postProject
	EndProjectSection
EndProject
Project("{FAE04EC0-301F-11D3-BF4B-00C04F79EFBC}") = "dark", "src\dark\dark.csproj", "{E004FD60-0C2C-4165-8E25-21E9A9AD155D}"
	ProjectSection(ProjectDependencies) = postProject
	EndProjectSection
EndProject
Project("{FAE04EC0-301F-11D3-BF4B-00C04F79EFBC}") = "tallow", "src\tallow\tallow.csproj", "{145ED3D8-E1A4-4329-B39D-DE0C31AAC6BD}"
	ProjectSection(ProjectDependencies) = postProject
	EndProjectSection
EndProject
Project("{8BC9CEB8-8B4A-11D0-8D11-00A0C91BC942}") = "dutil", "src\dutil\dutil.vcproj", "{DC81062B-5E78-4145-9C27-564D0D55E846}"
	ProjectSection(ProjectDependencies) = postProject
	EndProjectSection
EndProject
Project("{8BC9CEB8-8B4A-11D0-8D11-00A0C91BC942}") = "wcautil", "src\ca\wcautil\wcautil.vcproj", "{F0B1A159-A1F7-4F01-8C01-7CFDE8B65B6A}"
	ProjectSection(ProjectDependencies) = postProject
	EndProjectSection
EndProject
Project("{8BC9CEB8-8B4A-11D0-8D11-00A0C91BC942}") = "winterop", "src\winterop\winterop.vcproj", "{5DFD1D2B-AAC7-4BC2-BEB7-612699745C4A}"
	ProjectSection(ProjectDependencies) = postProject
	EndProjectSection
EndProject
Global
	GlobalSection(SolutionConfiguration) = preSolution
		Debug = Debug
		Release = Release
	EndGlobalSection
	GlobalSection(ProjectConfiguration) = postSolution
		{9E03A94C-C70E-45C6-A269-E737BBD8B319}.Debug.ActiveCfg = Debug|.NET
		{9E03A94C-C70E-45C6-A269-E737BBD8B319}.Debug.Build.0 = Debug|.NET
		{9E03A94C-C70E-45C6-A269-E737BBD8B319}.Release.ActiveCfg = Release|.NET
		{9E03A94C-C70E-45C6-A269-E737BBD8B319}.Release.Build.0 = Release|.NET
		{956401A5-3C04-4786-9611-B2AEC6207686}.Debug.ActiveCfg = Debug|.NET
		{956401A5-3C04-4786-9611-B2AEC6207686}.Debug.Build.0 = Debug|.NET
		{956401A5-3C04-4786-9611-B2AEC6207686}.Release.ActiveCfg = Release|.NET
		{956401A5-3C04-4786-9611-B2AEC6207686}.Release.Build.0 = Release|.NET
		{90556207-597F-4046-9404-5BE6B3CC0938}.Debug.ActiveCfg = Debug|.NET
		{90556207-597F-4046-9404-5BE6B3CC0938}.Debug.Build.0 = Debug|.NET
		{90556207-597F-4046-9404-5BE6B3CC0938}.Release.ActiveCfg = Release|.NET
		{90556207-597F-4046-9404-5BE6B3CC0938}.Release.Build.0 = Release|.NET
		{B4271B16-88B7-499A-881B-2813C1DB6285}.Debug.ActiveCfg = Debug|.NET
		{B4271B16-88B7-499A-881B-2813C1DB6285}.Debug.Build.0 = Debug|.NET
		{B4271B16-88B7-499A-881B-2813C1DB6285}.Release.ActiveCfg = Release|.NET
		{B4271B16-88B7-499A-881B-2813C1DB6285}.Release.Build.0 = Release|.NET
		{E004FD60-0C2C-4165-8E25-21E9A9AD155D}.Debug.ActiveCfg = Debug|.NET
		{E004FD60-0C2C-4165-8E25-21E9A9AD155D}.Debug.Build.0 = Debug|.NET
		{E004FD60-0C2C-4165-8E25-21E9A9AD155D}.Release.ActiveCfg = Release|.NET
		{E004FD60-0C2C-4165-8E25-21E9A9AD155D}.Release.Build.0 = Release|.NET
		{145ED3D8-E1A4-4329-B39D-DE0C31AAC6BD}.Debug.ActiveCfg = Debug|.NET
		{145ED3D8-E1A4-4329-B39D-DE0C31AAC6BD}.Debug.Build.0 = Debug|.NET
		{145ED3D8-E1A4-4329-B39D-DE0C31AAC6BD}.Release.ActiveCfg = Release|.NET
		{145ED3D8-E1A4-4329-B39D-DE0C31AAC6BD}.Release.Build.0 = Release|.NET
		{DC81062B-5E78-4145-9C27-564D0D55E846}.Debug.ActiveCfg = Debug|Win32
		{DC81062B-5E78-4145-9C27-564D0D55E846}.Debug.Build.0 = Debug|Win32
		{DC81062B-5E78-4145-9C27-564D0D55E846}.Release.ActiveCfg = Release|Win32
		{DC81062B-5E78-4145-9C27-564D0D55E846}.Release.Build.0 = Release|Win32
		{F0B1A159-A1F7-4F01-8C01-7CFDE8B65B6A}.Debug.ActiveCfg = Debug|Win32
		{F0B1A159-A1F7-4F01-8C01-7CFDE8B65B6A}.Debug.Build.0 = Debug|Win32
		{F0B1A159-A1F7-4F01-8C01-7CFDE8B65B6A}.Release.ActiveCfg = Release|Win32
		{F0B1A159-A1F7-4F01-8C01-7CFDE8B65B6A}.Release.Build.0 = Release|Win32
		{5DFD1D2B-AAC7-4BC2-BEB7-612699745C4A}.Debug.ActiveCfg = Debug|Win32
		{5DFD1D2B-AAC7-4BC2-BEB7-612699745C4A}.Debug.Build.0 = Debug|Win32
		{5DFD1D2B-AAC7-4BC2-BEB7-612699745C4A}.Release.ActiveCfg = Release|Win32
		{5DFD1D2B-AAC7-4BC2-BEB7-612699745C4A}.Release.Build.0 = Release|Win32
	EndGlobalSection
	GlobalSection(ExtensibilityGlobals) = postSolution
	EndGlobalSection
	GlobalSection(ExtensibilityAddIns) = postSolution
	EndGlobalSection
EndGlobal
