
Microsoft Visual Studio Solution File, Format Version 10.00
# Visual Studio 2008
Project("{8BC9CEB8-8B4A-11D0-8D11-00A0C91BC942}") = "Core", "core\Core.vcproj", "{BBD67844-C847-4A4B-8FA4-4C78F0C85955}"
	ProjectSection(ProjectDependencies) = postProject
		{405E29ED-BF2F-4D5A-8AB7-60CFBFF32449} = {405E29ED-BF2F-4D5A-8AB7-60CFBFF32449}
	EndProjectSection
EndProject
Project("{8BC9CEB8-8B4A-11D0-8D11-00A0C91BC942}") = "StdUX", "stdux\Stdux.vcproj", "{3EBE2F46-46E2-43F5-B50C-CED511B609D4}"
	ProjectSection(ProjectDependencies) = postProject
		{405E29ED-BF2F-4D5A-8AB7-60CFBFF32449} = {405E29ED-BF2F-4D5A-8AB7-60CFBFF32449}
	EndProjectSection
EndProject
Project("{8BC9CEB8-8B4A-11D0-8D11-00A0C91BC942}") = "Stub", "stub\Stub.vcproj", "{0937EF85-4827-4247-AC4D-BFF1CE2C05C1}"
	ProjectSection(ProjectDependencies) = postProject
		{BBD67844-C847-4A4B-8FA4-4C78F0C85955} = {BBD67844-C847-4A4B-8FA4-4C78F0C85955}
		{405E29ED-BF2F-4D5A-8AB7-60CFBFF32449} = {405E29ED-BF2F-4D5A-8AB7-60CFBFF32449}
	EndProjectSection
EndProject
Project("{8BC9CEB8-8B4A-11D0-8D11-00A0C91BC942}") = "dutil", "..\dutil\dutil.vcproj", "{405E29ED-BF2F-4D5A-8AB7-60CFBFF32449}"
EndProject
Project("{2150E333-8FDC-42A3-9474-1A3956D46DE8}") = "Solution Items", "Solution Items", "{9FF20224-B6C0-4378-BD15-4857EAD6A3DC}"
	ProjectSection(SolutionItems) = preProject
		burn.testrunconfig = burn.testrunconfig
		burn.vsmdi = burn.vsmdi
	EndProjectSection
EndProject
Project("{2150E333-8FDC-42A3-9474-1A3956D46DE8}") = "burn", "burn", "{889FE7F7-6EA9-45A0-8054-53294998779E}"
EndProject
Project("{8BC9CEB8-8B4A-11D0-8D11-00A0C91BC942}") = "WixUX", "..\Setup\UX\WixUX.vcproj", "{28B15BEB-8AAD-4409-A333-EBD1BC6C1F8B}"
	ProjectSection(ProjectDependencies) = postProject
		{BBD67844-C847-4A4B-8FA4-4C78F0C85955} = {BBD67844-C847-4A4B-8FA4-4C78F0C85955}
		{0937EF85-4827-4247-AC4D-BFF1CE2C05C1} = {0937EF85-4827-4247-AC4D-BFF1CE2C05C1}
		{405E29ED-BF2F-4D5A-8AB7-60CFBFF32449} = {405E29ED-BF2F-4D5A-8AB7-60CFBFF32449}
	EndProjectSection
EndProject
Project("{8BC9CEB8-8B4A-11D0-8D11-00A0C91BC942}") = "UnitTest", "..\..\test\src\Bootstrapper\UnitTest\UnitTest.vcproj", "{9D1F1BA3-9393-4833-87A3-D5F1FC08EF67}"
	ProjectSection(ProjectDependencies) = postProject
		{BBD67844-C847-4A4B-8FA4-4C78F0C85955} = {BBD67844-C847-4A4B-8FA4-4C78F0C85955}
		{405E29ED-BF2F-4D5A-8AB7-60CFBFF32449} = {405E29ED-BF2F-4D5A-8AB7-60CFBFF32449}
	EndProjectSection
EndProject
Project("{FAE04EC0-301F-11D3-BF4B-00C04F79EFBC}") = "adapter", "mux\adapter\adapter.csproj", "{B3887367-D8D7-4FA4-94A7-02A67409905D}"
EndProject
Project("{8BC9CEB8-8B4A-11D0-8D11-00A0C91BC942}") = "host", "mux\host\host.vcproj", "{12C87C77-3547-44F8-8134-29BC915CB19D}"
	ProjectSection(ProjectDependencies) = postProject
		{BBD67844-C847-4A4B-8FA4-4C78F0C85955} = {BBD67844-C847-4A4B-8FA4-4C78F0C85955}
	EndProjectSection
EndProject
Project("{FAE04EC0-301F-11D3-BF4B-00C04F79EFBC}") = "wpfview", "mux\wpfview\wpfview.csproj", "{D8B0D74C-5BC9-4B1D-9AAC-BD1DC1538464}"
EndProject
Project("{FAE04EC0-301F-11D3-BF4B-00C04F79EFBC}") = "model", "mux\model\model.csproj", "{1F7953A6-5496-4D8A-B789-373109DEF874}"
EndProject
Project("{2150E333-8FDC-42A3-9474-1A3956D46DE8}") = "wpfdemo", "wpfdemo", "{29D242D7-FE1D-41F8-AF1C-A8AC7E799825}"
	ProjectSection(SolutionItems) = preProject
		mux\wpfdemo\makedemo.bat = mux\wpfdemo\makedemo.bat
		mux\wpfdemo\mux.config = mux\wpfdemo\mux.config
		mux\wpfdemo\ParameterInfo.xml = mux\wpfdemo\ParameterInfo.xml
		mux\wpfdemo\UserExperienceManifest.xml = mux\wpfdemo\UserExperienceManifest.xml
	EndProjectSection
EndProject
Project("{8BC9CEB8-8B4A-11D0-8D11-00A0C91BC942}") = "buxutil", "buxutil\buxutil.vcproj", "{EDCB8095-0E6A-43E0-BC33-C4F762FC5CDB}"
EndProject
Project("{FAE04EC0-301F-11D3-BF4B-00C04F79EFBC}") = "WixBuxExtension", "..\ext\BuxExtension\wixext\WixBuxExtension.csproj", "{BF720A63-9D7B-456E-B60C-8122852D9FED}"
EndProject
Global
	GlobalSection(TestCaseManagementSettings) = postSolution
		CategoryFile = burn.vsmdi
	EndGlobalSection
	GlobalSection(SolutionConfigurationPlatforms) = preSolution
		Debug|Any CPU = Debug|Any CPU
		Debug|ia64 = Debug|ia64
		Debug|Mixed Platforms = Debug|Mixed Platforms
		Debug|Win32 = Debug|Win32
		Debug|x64 = Debug|x64
		Debug|x86 = Debug|x86
		Release|Any CPU = Release|Any CPU
		Release|ia64 = Release|ia64
		Release|Mixed Platforms = Release|Mixed Platforms
		Release|Win32 = Release|Win32
		Release|x64 = Release|x64
		Release|x86 = Release|x86
	EndGlobalSection
	GlobalSection(ProjectConfigurationPlatforms) = postSolution
		{BBD67844-C847-4A4B-8FA4-4C78F0C85955}.Debug|Any CPU.ActiveCfg = Debug|Win32
		{BBD67844-C847-4A4B-8FA4-4C78F0C85955}.Debug|ia64.ActiveCfg = Debug|Win32
		{BBD67844-C847-4A4B-8FA4-4C78F0C85955}.Debug|Mixed Platforms.ActiveCfg = Debug|Win32
		{BBD67844-C847-4A4B-8FA4-4C78F0C85955}.Debug|Mixed Platforms.Build.0 = Debug|Win32
		{BBD67844-C847-4A4B-8FA4-4C78F0C85955}.Debug|Win32.ActiveCfg = Debug|Win32
		{BBD67844-C847-4A4B-8FA4-4C78F0C85955}.Debug|Win32.Build.0 = Debug|Win32
		{BBD67844-C847-4A4B-8FA4-4C78F0C85955}.Debug|x64.ActiveCfg = Debug|Win32
		{BBD67844-C847-4A4B-8FA4-4C78F0C85955}.Debug|x86.ActiveCfg = Debug|Win32
		{BBD67844-C847-4A4B-8FA4-4C78F0C85955}.Release|Any CPU.ActiveCfg = Release|Win32
		{BBD67844-C847-4A4B-8FA4-4C78F0C85955}.Release|ia64.ActiveCfg = Release|Win32
		{BBD67844-C847-4A4B-8FA4-4C78F0C85955}.Release|Mixed Platforms.ActiveCfg = Release|Win32
		{BBD67844-C847-4A4B-8FA4-4C78F0C85955}.Release|Mixed Platforms.Build.0 = Release|Win32
		{BBD67844-C847-4A4B-8FA4-4C78F0C85955}.Release|Win32.ActiveCfg = Release|Win32
		{BBD67844-C847-4A4B-8FA4-4C78F0C85955}.Release|Win32.Build.0 = Release|Win32
		{BBD67844-C847-4A4B-8FA4-4C78F0C85955}.Release|x64.ActiveCfg = Release|Win32
		{BBD67844-C847-4A4B-8FA4-4C78F0C85955}.Release|x86.ActiveCfg = Release|Win32
		{3EBE2F46-46E2-43F5-B50C-CED511B609D4}.Debug|Any CPU.ActiveCfg = Debug|Win32
		{3EBE2F46-46E2-43F5-B50C-CED511B609D4}.Debug|ia64.ActiveCfg = Debug|Win32
		{3EBE2F46-46E2-43F5-B50C-CED511B609D4}.Debug|Mixed Platforms.ActiveCfg = Debug|Win32
		{3EBE2F46-46E2-43F5-B50C-CED511B609D4}.Debug|Mixed Platforms.Build.0 = Debug|Win32
		{3EBE2F46-46E2-43F5-B50C-CED511B609D4}.Debug|Win32.ActiveCfg = Debug|Win32
		{3EBE2F46-46E2-43F5-B50C-CED511B609D4}.Debug|Win32.Build.0 = Debug|Win32
		{3EBE2F46-46E2-43F5-B50C-CED511B609D4}.Debug|x64.ActiveCfg = Debug|Win32
		{3EBE2F46-46E2-43F5-B50C-CED511B609D4}.Debug|x86.ActiveCfg = Debug|Win32
		{3EBE2F46-46E2-43F5-B50C-CED511B609D4}.Release|Any CPU.ActiveCfg = Release|Win32
		{3EBE2F46-46E2-43F5-B50C-CED511B609D4}.Release|ia64.ActiveCfg = Release|Win32
		{3EBE2F46-46E2-43F5-B50C-CED511B609D4}.Release|Mixed Platforms.ActiveCfg = Release|Win32
		{3EBE2F46-46E2-43F5-B50C-CED511B609D4}.Release|Mixed Platforms.Build.0 = Release|Win32
		{3EBE2F46-46E2-43F5-B50C-CED511B609D4}.Release|Win32.ActiveCfg = Release|Win32
		{3EBE2F46-46E2-43F5-B50C-CED511B609D4}.Release|Win32.Build.0 = Release|Win32
		{3EBE2F46-46E2-43F5-B50C-CED511B609D4}.Release|x64.ActiveCfg = Release|Win32
		{3EBE2F46-46E2-43F5-B50C-CED511B609D4}.Release|x86.ActiveCfg = Release|Win32
		{0937EF85-4827-4247-AC4D-BFF1CE2C05C1}.Debug|Any CPU.ActiveCfg = Debug|Win32
		{0937EF85-4827-4247-AC4D-BFF1CE2C05C1}.Debug|ia64.ActiveCfg = Debug|Win32
		{0937EF85-4827-4247-AC4D-BFF1CE2C05C1}.Debug|Mixed Platforms.ActiveCfg = Debug|Win32
		{0937EF85-4827-4247-AC4D-BFF1CE2C05C1}.Debug|Mixed Platforms.Build.0 = Debug|Win32
		{0937EF85-4827-4247-AC4D-BFF1CE2C05C1}.Debug|Win32.ActiveCfg = Debug|Win32
		{0937EF85-4827-4247-AC4D-BFF1CE2C05C1}.Debug|Win32.Build.0 = Debug|Win32
		{0937EF85-4827-4247-AC4D-BFF1CE2C05C1}.Debug|x64.ActiveCfg = Debug|Win32
		{0937EF85-4827-4247-AC4D-BFF1CE2C05C1}.Debug|x86.ActiveCfg = Debug|Win32
		{0937EF85-4827-4247-AC4D-BFF1CE2C05C1}.Release|Any CPU.ActiveCfg = Release|Win32
		{0937EF85-4827-4247-AC4D-BFF1CE2C05C1}.Release|ia64.ActiveCfg = Release|Win32
		{0937EF85-4827-4247-AC4D-BFF1CE2C05C1}.Release|Mixed Platforms.ActiveCfg = Release|Win32
		{0937EF85-4827-4247-AC4D-BFF1CE2C05C1}.Release|Mixed Platforms.Build.0 = Release|Win32
		{0937EF85-4827-4247-AC4D-BFF1CE2C05C1}.Release|Win32.ActiveCfg = Release|Win32
		{0937EF85-4827-4247-AC4D-BFF1CE2C05C1}.Release|Win32.Build.0 = Release|Win32
		{0937EF85-4827-4247-AC4D-BFF1CE2C05C1}.Release|x64.ActiveCfg = Release|Win32
		{0937EF85-4827-4247-AC4D-BFF1CE2C05C1}.Release|x86.ActiveCfg = Release|Win32
		{405E29ED-BF2F-4D5A-8AB7-60CFBFF32449}.Debug|Any CPU.ActiveCfg = Debug|Win32
		{405E29ED-BF2F-4D5A-8AB7-60CFBFF32449}.Debug|ia64.ActiveCfg = Debug|Win32
		{405E29ED-BF2F-4D5A-8AB7-60CFBFF32449}.Debug|Mixed Platforms.ActiveCfg = Debug|Win32
		{405E29ED-BF2F-4D5A-8AB7-60CFBFF32449}.Debug|Mixed Platforms.Build.0 = Debug|Win32
		{405E29ED-BF2F-4D5A-8AB7-60CFBFF32449}.Debug|Win32.ActiveCfg = Debug|Win32
		{405E29ED-BF2F-4D5A-8AB7-60CFBFF32449}.Debug|Win32.Build.0 = Debug|Win32
		{405E29ED-BF2F-4D5A-8AB7-60CFBFF32449}.Debug|x64.ActiveCfg = Debug|Win32
		{405E29ED-BF2F-4D5A-8AB7-60CFBFF32449}.Debug|x86.ActiveCfg = Debug|Win32
		{405E29ED-BF2F-4D5A-8AB7-60CFBFF32449}.Release|Any CPU.ActiveCfg = Release|Win32
		{405E29ED-BF2F-4D5A-8AB7-60CFBFF32449}.Release|ia64.ActiveCfg = Release|Win32
		{405E29ED-BF2F-4D5A-8AB7-60CFBFF32449}.Release|Mixed Platforms.ActiveCfg = Release|Win32
		{405E29ED-BF2F-4D5A-8AB7-60CFBFF32449}.Release|Mixed Platforms.Build.0 = Release|Win32
		{405E29ED-BF2F-4D5A-8AB7-60CFBFF32449}.Release|Win32.ActiveCfg = Release|Win32
		{405E29ED-BF2F-4D5A-8AB7-60CFBFF32449}.Release|Win32.Build.0 = Release|Win32
		{405E29ED-BF2F-4D5A-8AB7-60CFBFF32449}.Release|x64.ActiveCfg = Release|Win32
		{405E29ED-BF2F-4D5A-8AB7-60CFBFF32449}.Release|x86.ActiveCfg = Release|Win32
		{28B15BEB-8AAD-4409-A333-EBD1BC6C1F8B}.Debug|Any CPU.ActiveCfg = Debug|Win32
		{28B15BEB-8AAD-4409-A333-EBD1BC6C1F8B}.Debug|ia64.ActiveCfg = Debug|Win32
		{28B15BEB-8AAD-4409-A333-EBD1BC6C1F8B}.Debug|Mixed Platforms.ActiveCfg = Debug|Win32
		{28B15BEB-8AAD-4409-A333-EBD1BC6C1F8B}.Debug|Mixed Platforms.Build.0 = Debug|Win32
		{28B15BEB-8AAD-4409-A333-EBD1BC6C1F8B}.Debug|Win32.ActiveCfg = Debug|Win32
		{28B15BEB-8AAD-4409-A333-EBD1BC6C1F8B}.Debug|Win32.Build.0 = Debug|Win32
		{28B15BEB-8AAD-4409-A333-EBD1BC6C1F8B}.Debug|x64.ActiveCfg = Debug|Win32
		{28B15BEB-8AAD-4409-A333-EBD1BC6C1F8B}.Debug|x86.ActiveCfg = Debug|Win32
		{28B15BEB-8AAD-4409-A333-EBD1BC6C1F8B}.Release|Any CPU.ActiveCfg = Release|Win32
		{28B15BEB-8AAD-4409-A333-EBD1BC6C1F8B}.Release|ia64.ActiveCfg = Release|Win32
		{28B15BEB-8AAD-4409-A333-EBD1BC6C1F8B}.Release|Mixed Platforms.ActiveCfg = Release|Win32
		{28B15BEB-8AAD-4409-A333-EBD1BC6C1F8B}.Release|Mixed Platforms.Build.0 = Release|Win32
		{28B15BEB-8AAD-4409-A333-EBD1BC6C1F8B}.Release|Win32.ActiveCfg = Release|Win32
		{28B15BEB-8AAD-4409-A333-EBD1BC6C1F8B}.Release|Win32.Build.0 = Release|Win32
		{28B15BEB-8AAD-4409-A333-EBD1BC6C1F8B}.Release|x64.ActiveCfg = Release|Win32
		{28B15BEB-8AAD-4409-A333-EBD1BC6C1F8B}.Release|x86.ActiveCfg = Release|Win32
		{9D1F1BA3-9393-4833-87A3-D5F1FC08EF67}.Debug|Any CPU.ActiveCfg = Debug|Win32
		{9D1F1BA3-9393-4833-87A3-D5F1FC08EF67}.Debug|ia64.ActiveCfg = Debug|Win32
		{9D1F1BA3-9393-4833-87A3-D5F1FC08EF67}.Debug|Mixed Platforms.ActiveCfg = Debug|Win32
		{9D1F1BA3-9393-4833-87A3-D5F1FC08EF67}.Debug|Mixed Platforms.Build.0 = Debug|Win32
		{9D1F1BA3-9393-4833-87A3-D5F1FC08EF67}.Debug|Win32.ActiveCfg = Debug|Win32
		{9D1F1BA3-9393-4833-87A3-D5F1FC08EF67}.Debug|Win32.Build.0 = Debug|Win32
		{9D1F1BA3-9393-4833-87A3-D5F1FC08EF67}.Debug|x64.ActiveCfg = Debug|Win32
		{9D1F1BA3-9393-4833-87A3-D5F1FC08EF67}.Debug|x86.ActiveCfg = Debug|Win32
		{9D1F1BA3-9393-4833-87A3-D5F1FC08EF67}.Release|Any CPU.ActiveCfg = Release|Win32
		{9D1F1BA3-9393-4833-87A3-D5F1FC08EF67}.Release|ia64.ActiveCfg = Release|Win32
		{9D1F1BA3-9393-4833-87A3-D5F1FC08EF67}.Release|Mixed Platforms.ActiveCfg = Release|Win32
		{9D1F1BA3-9393-4833-87A3-D5F1FC08EF67}.Release|Mixed Platforms.Build.0 = Release|Win32
		{9D1F1BA3-9393-4833-87A3-D5F1FC08EF67}.Release|Win32.ActiveCfg = Release|Win32
		{9D1F1BA3-9393-4833-87A3-D5F1FC08EF67}.Release|Win32.Build.0 = Release|Win32
		{9D1F1BA3-9393-4833-87A3-D5F1FC08EF67}.Release|x64.ActiveCfg = Release|Win32
		{9D1F1BA3-9393-4833-87A3-D5F1FC08EF67}.Release|x86.ActiveCfg = Release|Win32
		{B3887367-D8D7-4FA4-94A7-02A67409905D}.Debug|Any CPU.ActiveCfg = Debug|Any CPU
		{B3887367-D8D7-4FA4-94A7-02A67409905D}.Debug|Any CPU.Build.0 = Debug|Any CPU
		{B3887367-D8D7-4FA4-94A7-02A67409905D}.Debug|ia64.ActiveCfg = Debug|ia64
		{B3887367-D8D7-4FA4-94A7-02A67409905D}.Debug|ia64.Build.0 = Debug|ia64
		{B3887367-D8D7-4FA4-94A7-02A67409905D}.Debug|Mixed Platforms.ActiveCfg = Debug|Any CPU
		{B3887367-D8D7-4FA4-94A7-02A67409905D}.Debug|Mixed Platforms.Build.0 = Debug|Any CPU
		{B3887367-D8D7-4FA4-94A7-02A67409905D}.Debug|Win32.ActiveCfg = Debug|Any CPU
		{B3887367-D8D7-4FA4-94A7-02A67409905D}.Debug|Win32.Build.0 = Debug|Any CPU
		{B3887367-D8D7-4FA4-94A7-02A67409905D}.Debug|x64.ActiveCfg = Debug|x64
		{B3887367-D8D7-4FA4-94A7-02A67409905D}.Debug|x64.Build.0 = Debug|x64
		{B3887367-D8D7-4FA4-94A7-02A67409905D}.Debug|x86.ActiveCfg = Debug|x86
		{B3887367-D8D7-4FA4-94A7-02A67409905D}.Debug|x86.Build.0 = Debug|x86
		{B3887367-D8D7-4FA4-94A7-02A67409905D}.Release|Any CPU.ActiveCfg = Release|Any CPU
		{B3887367-D8D7-4FA4-94A7-02A67409905D}.Release|Any CPU.Build.0 = Release|Any CPU
		{B3887367-D8D7-4FA4-94A7-02A67409905D}.Release|ia64.ActiveCfg = Release|ia64
		{B3887367-D8D7-4FA4-94A7-02A67409905D}.Release|ia64.Build.0 = Release|ia64
		{B3887367-D8D7-4FA4-94A7-02A67409905D}.Release|Mixed Platforms.ActiveCfg = Release|Any CPU
		{B3887367-D8D7-4FA4-94A7-02A67409905D}.Release|Mixed Platforms.Build.0 = Release|Any CPU
		{B3887367-D8D7-4FA4-94A7-02A67409905D}.Release|Win32.ActiveCfg = Release|Any CPU
		{B3887367-D8D7-4FA4-94A7-02A67409905D}.Release|x64.ActiveCfg = Release|x64
		{B3887367-D8D7-4FA4-94A7-02A67409905D}.Release|x64.Build.0 = Release|x64
		{B3887367-D8D7-4FA4-94A7-02A67409905D}.Release|x86.ActiveCfg = Release|x86
		{B3887367-D8D7-4FA4-94A7-02A67409905D}.Release|x86.Build.0 = Release|x86
		{12C87C77-3547-44F8-8134-29BC915CB19D}.Debug|Any CPU.ActiveCfg = Debug|Win32
		{12C87C77-3547-44F8-8134-29BC915CB19D}.Debug|ia64.ActiveCfg = Debug|Win32
		{12C87C77-3547-44F8-8134-29BC915CB19D}.Debug|Mixed Platforms.ActiveCfg = Debug|Win32
		{12C87C77-3547-44F8-8134-29BC915CB19D}.Debug|Mixed Platforms.Build.0 = Debug|Win32
		{12C87C77-3547-44F8-8134-29BC915CB19D}.Debug|Win32.ActiveCfg = Debug|Win32
		{12C87C77-3547-44F8-8134-29BC915CB19D}.Debug|Win32.Build.0 = Debug|Win32
		{12C87C77-3547-44F8-8134-29BC915CB19D}.Debug|x64.ActiveCfg = Debug|Win32
		{12C87C77-3547-44F8-8134-29BC915CB19D}.Debug|x86.ActiveCfg = Debug|Win32
		{12C87C77-3547-44F8-8134-29BC915CB19D}.Release|Any CPU.ActiveCfg = Release|Win32
		{12C87C77-3547-44F8-8134-29BC915CB19D}.Release|ia64.ActiveCfg = Release|Win32
		{12C87C77-3547-44F8-8134-29BC915CB19D}.Release|Mixed Platforms.ActiveCfg = Release|Win32
		{12C87C77-3547-44F8-8134-29BC915CB19D}.Release|Mixed Platforms.Build.0 = Release|Win32
		{12C87C77-3547-44F8-8134-29BC915CB19D}.Release|Win32.ActiveCfg = Release|Win32
		{12C87C77-3547-44F8-8134-29BC915CB19D}.Release|Win32.Build.0 = Release|Win32
		{12C87C77-3547-44F8-8134-29BC915CB19D}.Release|x64.ActiveCfg = Release|Win32
		{12C87C77-3547-44F8-8134-29BC915CB19D}.Release|x86.ActiveCfg = Release|Win32
		{D8B0D74C-5BC9-4B1D-9AAC-BD1DC1538464}.Debug|Any CPU.ActiveCfg = Debug|Any CPU
		{D8B0D74C-5BC9-4B1D-9AAC-BD1DC1538464}.Debug|Any CPU.Build.0 = Debug|Any CPU
		{D8B0D74C-5BC9-4B1D-9AAC-BD1DC1538464}.Debug|ia64.ActiveCfg = Debug|Any CPU
		{D8B0D74C-5BC9-4B1D-9AAC-BD1DC1538464}.Debug|Mixed Platforms.ActiveCfg = Debug|Any CPU
		{D8B0D74C-5BC9-4B1D-9AAC-BD1DC1538464}.Debug|Mixed Platforms.Build.0 = Debug|Any CPU
		{D8B0D74C-5BC9-4B1D-9AAC-BD1DC1538464}.Debug|Win32.ActiveCfg = Debug|Any CPU
		{D8B0D74C-5BC9-4B1D-9AAC-BD1DC1538464}.Debug|Win32.Build.0 = Debug|Any CPU
		{D8B0D74C-5BC9-4B1D-9AAC-BD1DC1538464}.Debug|x64.ActiveCfg = Debug|Any CPU
		{D8B0D74C-5BC9-4B1D-9AAC-BD1DC1538464}.Debug|x86.ActiveCfg = Debug|Any CPU
		{D8B0D74C-5BC9-4B1D-9AAC-BD1DC1538464}.Release|Any CPU.ActiveCfg = Release|Any CPU
		{D8B0D74C-5BC9-4B1D-9AAC-BD1DC1538464}.Release|Any CPU.Build.0 = Release|Any CPU
		{D8B0D74C-5BC9-4B1D-9AAC-BD1DC1538464}.Release|ia64.ActiveCfg = Release|Any CPU
		{D8B0D74C-5BC9-4B1D-9AAC-BD1DC1538464}.Release|Mixed Platforms.ActiveCfg = Release|Any CPU
		{D8B0D74C-5BC9-4B1D-9AAC-BD1DC1538464}.Release|Mixed Platforms.Build.0 = Release|Any CPU
		{D8B0D74C-5BC9-4B1D-9AAC-BD1DC1538464}.Release|Win32.ActiveCfg = Release|Any CPU
		{D8B0D74C-5BC9-4B1D-9AAC-BD1DC1538464}.Release|x64.ActiveCfg = Release|Any CPU
		{D8B0D74C-5BC9-4B1D-9AAC-BD1DC1538464}.Release|x86.ActiveCfg = Release|Any CPU
		{1F7953A6-5496-4D8A-B789-373109DEF874}.Debug|Any CPU.ActiveCfg = Debug|Any CPU
		{1F7953A6-5496-4D8A-B789-373109DEF874}.Debug|Any CPU.Build.0 = Debug|Any CPU
		{1F7953A6-5496-4D8A-B789-373109DEF874}.Debug|ia64.ActiveCfg = Debug|ia64
		{1F7953A6-5496-4D8A-B789-373109DEF874}.Debug|ia64.Build.0 = Debug|ia64
		{1F7953A6-5496-4D8A-B789-373109DEF874}.Debug|Mixed Platforms.ActiveCfg = Debug|Any CPU
		{1F7953A6-5496-4D8A-B789-373109DEF874}.Debug|Mixed Platforms.Build.0 = Debug|Any CPU
		{1F7953A6-5496-4D8A-B789-373109DEF874}.Debug|Win32.ActiveCfg = Debug|Any CPU
		{1F7953A6-5496-4D8A-B789-373109DEF874}.Debug|Win32.Build.0 = Debug|Any CPU
		{1F7953A6-5496-4D8A-B789-373109DEF874}.Debug|x64.ActiveCfg = Debug|x64
		{1F7953A6-5496-4D8A-B789-373109DEF874}.Debug|x64.Build.0 = Debug|x64
		{1F7953A6-5496-4D8A-B789-373109DEF874}.Debug|x86.ActiveCfg = Debug|x86
		{1F7953A6-5496-4D8A-B789-373109DEF874}.Debug|x86.Build.0 = Debug|x86
		{1F7953A6-5496-4D8A-B789-373109DEF874}.Release|Any CPU.ActiveCfg = Release|Any CPU
		{1F7953A6-5496-4D8A-B789-373109DEF874}.Release|Any CPU.Build.0 = Release|Any CPU
		{1F7953A6-5496-4D8A-B789-373109DEF874}.Release|ia64.ActiveCfg = Release|ia64
		{1F7953A6-5496-4D8A-B789-373109DEF874}.Release|ia64.Build.0 = Release|ia64
		{1F7953A6-5496-4D8A-B789-373109DEF874}.Release|Mixed Platforms.ActiveCfg = Release|Any CPU
		{1F7953A6-5496-4D8A-B789-373109DEF874}.Release|Mixed Platforms.Build.0 = Release|Any CPU
		{1F7953A6-5496-4D8A-B789-373109DEF874}.Release|Win32.ActiveCfg = Release|ia64
		{1F7953A6-5496-4D8A-B789-373109DEF874}.Release|x64.ActiveCfg = Release|x64
		{1F7953A6-5496-4D8A-B789-373109DEF874}.Release|x64.Build.0 = Release|x64
		{1F7953A6-5496-4D8A-B789-373109DEF874}.Release|x86.ActiveCfg = Release|x86
		{1F7953A6-5496-4D8A-B789-373109DEF874}.Release|x86.Build.0 = Release|x86
		{EDCB8095-0E6A-43E0-BC33-C4F762FC5CDB}.Debug|Any CPU.ActiveCfg = Debug|Win32
		{EDCB8095-0E6A-43E0-BC33-C4F762FC5CDB}.Debug|ia64.ActiveCfg = Debug|Win32
		{EDCB8095-0E6A-43E0-BC33-C4F762FC5CDB}.Debug|Mixed Platforms.ActiveCfg = Debug|Win32
		{EDCB8095-0E6A-43E0-BC33-C4F762FC5CDB}.Debug|Mixed Platforms.Build.0 = Debug|Win32
		{EDCB8095-0E6A-43E0-BC33-C4F762FC5CDB}.Debug|Win32.ActiveCfg = Debug|Win32
		{EDCB8095-0E6A-43E0-BC33-C4F762FC5CDB}.Debug|Win32.Build.0 = Debug|Win32
		{EDCB8095-0E6A-43E0-BC33-C4F762FC5CDB}.Debug|x64.ActiveCfg = Debug|Win32
		{EDCB8095-0E6A-43E0-BC33-C4F762FC5CDB}.Debug|x86.ActiveCfg = Debug|Win32
		{EDCB8095-0E6A-43E0-BC33-C4F762FC5CDB}.Release|Any CPU.ActiveCfg = Release|Win32
		{EDCB8095-0E6A-43E0-BC33-C4F762FC5CDB}.Release|ia64.ActiveCfg = Release|Win32
		{EDCB8095-0E6A-43E0-BC33-C4F762FC5CDB}.Release|Mixed Platforms.ActiveCfg = Release|Win32
		{EDCB8095-0E6A-43E0-BC33-C4F762FC5CDB}.Release|Mixed Platforms.Build.0 = Release|Win32
		{EDCB8095-0E6A-43E0-BC33-C4F762FC5CDB}.Release|Win32.ActiveCfg = Release|Win32
		{EDCB8095-0E6A-43E0-BC33-C4F762FC5CDB}.Release|Win32.Build.0 = Release|Win32
		{EDCB8095-0E6A-43E0-BC33-C4F762FC5CDB}.Release|x64.ActiveCfg = Release|Win32
		{EDCB8095-0E6A-43E0-BC33-C4F762FC5CDB}.Release|x86.ActiveCfg = Release|Win32
		{BF720A63-9D7B-456E-B60C-8122852D9FED}.Debug|Any CPU.ActiveCfg = Debug|Any CPU
		{BF720A63-9D7B-456E-B60C-8122852D9FED}.Debug|Any CPU.Build.0 = Debug|Any CPU
		{BF720A63-9D7B-456E-B60C-8122852D9FED}.Debug|ia64.ActiveCfg = Debug|ia64
		{BF720A63-9D7B-456E-B60C-8122852D9FED}.Debug|ia64.Build.0 = Debug|ia64
		{BF720A63-9D7B-456E-B60C-8122852D9FED}.Debug|Mixed Platforms.ActiveCfg = Debug|Any CPU
		{BF720A63-9D7B-456E-B60C-8122852D9FED}.Debug|Mixed Platforms.Build.0 = Debug|Any CPU
		{BF720A63-9D7B-456E-B60C-8122852D9FED}.Debug|Win32.ActiveCfg = Debug|ia64
		{BF720A63-9D7B-456E-B60C-8122852D9FED}.Debug|x64.ActiveCfg = Debug|x64
		{BF720A63-9D7B-456E-B60C-8122852D9FED}.Debug|x64.Build.0 = Debug|x64
		{BF720A63-9D7B-456E-B60C-8122852D9FED}.Debug|x86.ActiveCfg = Debug|x86
		{BF720A63-9D7B-456E-B60C-8122852D9FED}.Debug|x86.Build.0 = Debug|x86
		{BF720A63-9D7B-456E-B60C-8122852D9FED}.Release|Any CPU.ActiveCfg = Release|Any CPU
		{BF720A63-9D7B-456E-B60C-8122852D9FED}.Release|Any CPU.Build.0 = Release|Any CPU
		{BF720A63-9D7B-456E-B60C-8122852D9FED}.Release|ia64.ActiveCfg = Release|ia64
		{BF720A63-9D7B-456E-B60C-8122852D9FED}.Release|ia64.Build.0 = Release|ia64
		{BF720A63-9D7B-456E-B60C-8122852D9FED}.Release|Mixed Platforms.ActiveCfg = Release|Any CPU
		{BF720A63-9D7B-456E-B60C-8122852D9FED}.Release|Mixed Platforms.Build.0 = Release|Any CPU
		{BF720A63-9D7B-456E-B60C-8122852D9FED}.Release|Win32.ActiveCfg = Release|ia64
		{BF720A63-9D7B-456E-B60C-8122852D9FED}.Release|x64.ActiveCfg = Release|x64
		{BF720A63-9D7B-456E-B60C-8122852D9FED}.Release|x64.Build.0 = Release|x64
		{BF720A63-9D7B-456E-B60C-8122852D9FED}.Release|x86.ActiveCfg = Release|x86
		{BF720A63-9D7B-456E-B60C-8122852D9FED}.Release|x86.Build.0 = Release|x86
	EndGlobalSection
	GlobalSection(SolutionProperties) = preSolution
		HideSolutionNode = FALSE
	EndGlobalSection
	GlobalSection(NestedProjects) = preSolution
		{3EBE2F46-46E2-43F5-B50C-CED511B609D4} = {889FE7F7-6EA9-45A0-8054-53294998779E}
		{0937EF85-4827-4247-AC4D-BFF1CE2C05C1} = {889FE7F7-6EA9-45A0-8054-53294998779E}
		{405E29ED-BF2F-4D5A-8AB7-60CFBFF32449} = {889FE7F7-6EA9-45A0-8054-53294998779E}
		{BBD67844-C847-4A4B-8FA4-4C78F0C85955} = {889FE7F7-6EA9-45A0-8054-53294998779E}
		{28B15BEB-8AAD-4409-A333-EBD1BC6C1F8B} = {889FE7F7-6EA9-45A0-8054-53294998779E}
		{9D1F1BA3-9393-4833-87A3-D5F1FC08EF67} = {889FE7F7-6EA9-45A0-8054-53294998779E}
		{B3887367-D8D7-4FA4-94A7-02A67409905D} = {889FE7F7-6EA9-45A0-8054-53294998779E}
		{12C87C77-3547-44F8-8134-29BC915CB19D} = {889FE7F7-6EA9-45A0-8054-53294998779E}
		{D8B0D74C-5BC9-4B1D-9AAC-BD1DC1538464} = {889FE7F7-6EA9-45A0-8054-53294998779E}
		{1F7953A6-5496-4D8A-B789-373109DEF874} = {889FE7F7-6EA9-45A0-8054-53294998779E}
		{EDCB8095-0E6A-43E0-BC33-C4F762FC5CDB} = {889FE7F7-6EA9-45A0-8054-53294998779E}
		{BF720A63-9D7B-456E-B60C-8122852D9FED} = {889FE7F7-6EA9-45A0-8054-53294998779E}
		{29D242D7-FE1D-41F8-AF1C-A8AC7E799825} = {9FF20224-B6C0-4378-BD15-4857EAD6A3DC}
	EndGlobalSection
EndGlobal
