
Microsoft Visual Studio Solution File, Format Version 10.00
# Visual Studio 2008
Project("{FAE04EC0-301F-11D3-BF4B-00C04F79EFBC}") = "BurnSampleWPFUI", "BurnSampleWPFUI\BurnSampleWPFUI.csproj", "{D8B0D74C-5BC9-4B1D-9AAC-BD1DC1538464}"
EndProject
Global
	GlobalSection(SolutionConfigurationPlatforms) = preSolution
		Debug|Any CPU = Debug|Any CPU
		Release|Any CPU = Release|Any CPU
	EndGlobalSection
	GlobalSection(ProjectConfigurationPlatforms) = postSolution
		{D8B0D74C-5BC9-4B1D-9AAC-BD1DC1538464}.Debug|Any CPU.ActiveCfg = Debug|Any CPU
		{D8B0D74C-5BC9-4B1D-9AAC-BD1DC1538464}.Debug|Any CPU.Build.0 = Debug|Any CPU
		{D8B0D74C-5BC9-4B1D-9AAC-BD1DC1538464}.Release|Any CPU.ActiveCfg = Release|Any CPU
		{D8B0D74C-5BC9-4B1D-9AAC-BD1DC1538464}.Release|Any CPU.Build.0 = Release|Any CPU
	EndGlobalSection
	GlobalSection(SolutionProperties) = preSolution
		HideSolutionNode = FALSE
	EndGlobalSection
EndGlobal
