
Microsoft Visual Studio Solution File, Format Version 11.00
# Visual Studio 2010
Project("{8BC9CEB8-8B4A-11D0-8D11-00A0C91BC942}") = "TestProxyEntryPoint", "UXEntryPoint\UXEntryPoint.vcxproj", "{50930609-30E5-48C4-85DB-A4A81C843566}"
EndProject
Project("{8BC9CEB8-8B4A-11D0-8D11-00A0C91BC942}") = "UXCore", "UXCore\UXCore.vcxproj", "{97B7AFAB-1E3F-4EEF-B9FF-B8FE6857FD6F}"
EndProject
Project("{FAE04EC0-301F-11D3-BF4B-00C04F79EFBC}") = "UXManagedProxy", "ManagedUX\UXManagedProxy\UXManagedProxy.csproj", "{09B3FE54-9E2A-4341-B54C-51472E8A5412}"
	ProjectSection(ProjectDependencies) = postProject
		{50930609-30E5-48C4-85DB-A4A81C843566} = {50930609-30E5-48C4-85DB-A4A81C843566}
	EndProjectSection
EndProject
Global
	GlobalSection(SolutionConfigurationPlatforms) = preSolution
		Debug|Any CPU = Debug|Any CPU
		Debug|ia64 = Debug|ia64
		Debug|Mixed Platforms = Debug|Mixed Platforms
		Debug|Win32 = Debug|Win32
		Debug|x64 = Debug|x64
		Debug|x86 = Debug|x86
		Release|Any CPU = Release|Any CPU
		Release|ia64 = Release|ia64
		Release|Mixed Platforms = Release|Mixed Platforms
		Release|Win32 = Release|Win32
		Release|x64 = Release|x64
		Release|x86 = Release|x86
	EndGlobalSection
	GlobalSection(ProjectConfigurationPlatforms) = postSolution
		{50930609-30E5-48C4-85DB-A4A81C843566}.Debug|Any CPU.ActiveCfg = Debug|Win32
		{50930609-30E5-48C4-85DB-A4A81C843566}.Debug|ia64.ActiveCfg = Debug|Win32
		{50930609-30E5-48C4-85DB-A4A81C843566}.Debug|Mixed Platforms.ActiveCfg = Debug|Win32
		{50930609-30E5-48C4-85DB-A4A81C843566}.Debug|Mixed Platforms.Build.0 = Debug|Win32
		{50930609-30E5-48C4-85DB-A4A81C843566}.Debug|Win32.ActiveCfg = Debug|Win32
		{50930609-30E5-48C4-85DB-A4A81C843566}.Debug|Win32.Build.0 = Debug|Win32
		{50930609-30E5-48C4-85DB-A4A81C843566}.Debug|x64.ActiveCfg = Debug|Win32
		{50930609-30E5-48C4-85DB-A4A81C843566}.Debug|x86.ActiveCfg = Debug|Win32
		{50930609-30E5-48C4-85DB-A4A81C843566}.Release|Any CPU.ActiveCfg = Release|Win32
		{50930609-30E5-48C4-85DB-A4A81C843566}.Release|ia64.ActiveCfg = Release|Win32
		{50930609-30E5-48C4-85DB-A4A81C843566}.Release|Mixed Platforms.ActiveCfg = Release|Win32
		{50930609-30E5-48C4-85DB-A4A81C843566}.Release|Mixed Platforms.Build.0 = Release|Win32
		{50930609-30E5-48C4-85DB-A4A81C843566}.Release|Win32.ActiveCfg = Release|Win32
		{50930609-30E5-48C4-85DB-A4A81C843566}.Release|Win32.Build.0 = Release|Win32
		{50930609-30E5-48C4-85DB-A4A81C843566}.Release|x64.ActiveCfg = Release|Win32
		{50930609-30E5-48C4-85DB-A4A81C843566}.Release|x86.ActiveCfg = Release|Win32
		{97B7AFAB-1E3F-4EEF-B9FF-B8FE6857FD6F}.Debug|Any CPU.ActiveCfg = Debug|Win32
		{97B7AFAB-1E3F-4EEF-B9FF-B8FE6857FD6F}.Debug|ia64.ActiveCfg = Debug|Win32
		{97B7AFAB-1E3F-4EEF-B9FF-B8FE6857FD6F}.Debug|Mixed Platforms.ActiveCfg = Debug|Win32
		{97B7AFAB-1E3F-4EEF-B9FF-B8FE6857FD6F}.Debug|Mixed Platforms.Build.0 = Debug|Win32
		{97B7AFAB-1E3F-4EEF-B9FF-B8FE6857FD6F}.Debug|Win32.ActiveCfg = Debug|Win32
		{97B7AFAB-1E3F-4EEF-B9FF-B8FE6857FD6F}.Debug|Win32.Build.0 = Debug|Win32
		{97B7AFAB-1E3F-4EEF-B9FF-B8FE6857FD6F}.Debug|x64.ActiveCfg = Debug|Win32
		{97B7AFAB-1E3F-4EEF-B9FF-B8FE6857FD6F}.Debug|x86.ActiveCfg = Debug|Win32
		{97B7AFAB-1E3F-4EEF-B9FF-B8FE6857FD6F}.Release|Any CPU.ActiveCfg = Release|Win32
		{97B7AFAB-1E3F-4EEF-B9FF-B8FE6857FD6F}.Release|ia64.ActiveCfg = Release|Win32
		{97B7AFAB-1E3F-4EEF-B9FF-B8FE6857FD6F}.Release|Mixed Platforms.ActiveCfg = Release|Win32
		{97B7AFAB-1E3F-4EEF-B9FF-B8FE6857FD6F}.Release|Mixed Platforms.Build.0 = Release|Win32
		{97B7AFAB-1E3F-4EEF-B9FF-B8FE6857FD6F}.Release|Win32.ActiveCfg = Release|Win32
		{97B7AFAB-1E3F-4EEF-B9FF-B8FE6857FD6F}.Release|Win32.Build.0 = Release|Win32
		{97B7AFAB-1E3F-4EEF-B9FF-B8FE6857FD6F}.Release|x64.ActiveCfg = Release|Win32
		{97B7AFAB-1E3F-4EEF-B9FF-B8FE6857FD6F}.Release|x86.ActiveCfg = Release|Win32
		{09B3FE54-9E2A-4341-B54C-51472E8A5412}.Debug|Any CPU.ActiveCfg = Debug|Any CPU
		{09B3FE54-9E2A-4341-B54C-51472E8A5412}.Debug|Any CPU.Build.0 = Debug|Any CPU
		{09B3FE54-9E2A-4341-B54C-51472E8A5412}.Debug|ia64.ActiveCfg = Debug|Any CPU
		{09B3FE54-9E2A-4341-B54C-51472E8A5412}.Debug|Mixed Platforms.ActiveCfg = Debug|Any CPU
		{09B3FE54-9E2A-4341-B54C-51472E8A5412}.Debug|Mixed Platforms.Build.0 = Debug|Any CPU
		{09B3FE54-9E2A-4341-B54C-51472E8A5412}.Debug|Win32.ActiveCfg = Debug|Any CPU
		{09B3FE54-9E2A-4341-B54C-51472E8A5412}.Debug|x64.ActiveCfg = Debug|Any CPU
		{09B3FE54-9E2A-4341-B54C-51472E8A5412}.Debug|x86.ActiveCfg = Debug|Any CPU
		{09B3FE54-9E2A-4341-B54C-51472E8A5412}.Release|Any CPU.ActiveCfg = Release|Any CPU
		{09B3FE54-9E2A-4341-B54C-51472E8A5412}.Release|Any CPU.Build.0 = Release|Any CPU
		{09B3FE54-9E2A-4341-B54C-51472E8A5412}.Release|ia64.ActiveCfg = Release|Any CPU
		{09B3FE54-9E2A-4341-B54C-51472E8A5412}.Release|Mixed Platforms.ActiveCfg = Release|Any CPU
		{09B3FE54-9E2A-4341-B54C-51472E8A5412}.Release|Mixed Platforms.Build.0 = Release|Any CPU
		{09B3FE54-9E2A-4341-B54C-51472E8A5412}.Release|Win32.ActiveCfg = Release|Any CPU
		{09B3FE54-9E2A-4341-B54C-51472E8A5412}.Release|x64.ActiveCfg = Release|Any CPU
		{09B3FE54-9E2A-4341-B54C-51472E8A5412}.Release|x86.ActiveCfg = Release|Any CPU
	EndGlobalSection
	GlobalSection(SolutionProperties) = preSolution
		HideSolutionNode = FALSE
	EndGlobalSection
EndGlobal
